
Microsoft Visual Studio Solution File, Format Version 12.00
# Visual Studio 2017
Project("{FAE04EC0-301F-11D3-BF4B-00C04F79EFBC}") = "VuforiaGPTesting", "VuforiaGPTesting.csproj", "{933648C2-40C6-5B98-E431-F746E6DFFB90}"
EndProject
Project("{FAE04EC0-301F-11D3-BF4B-00C04F79EFBC}") = "VuforiaGPTesting.Editor", "VuforiaGPTesting.Editor.csproj", "{4546D5A3-C2B6-D9BC-89A9-842D526A481A}"
EndProject
Global
	GlobalSection(SolutionConfigurationPlatforms) = preSolution
		Debug|Any CPU = Debug|Any CPU
		Release|Any CPU = Release|Any CPU
	EndGlobalSection
	GlobalSection(ProjectConfigurationPlatforms) = postSolution
		{933648C2-40C6-5B98-E431-F746E6DFFB90}.Debug|Any CPU.ActiveCfg = Debug|Any CPU
		{933648C2-40C6-5B98-E431-F746E6DFFB90}.Debug|Any CPU.Build.0 = Debug|Any CPU
		{933648C2-40C6-5B98-E431-F746E6DFFB90}.Release|Any CPU.ActiveCfg = Release|Any CPU
		{933648C2-40C6-5B98-E431-F746E6DFFB90}.Release|Any CPU.Build.0 = Release|Any CPU
		{4546D5A3-C2B6-D9BC-89A9-842D526A481A}.Debug|Any CPU.ActiveCfg = Debug|Any CPU
		{4546D5A3-C2B6-D9BC-89A9-842D526A481A}.Debug|Any CPU.Build.0 = Debug|Any CPU
		{4546D5A3-C2B6-D9BC-89A9-842D526A481A}.Release|Any CPU.ActiveCfg = Release|Any CPU
		{4546D5A3-C2B6-D9BC-89A9-842D526A481A}.Release|Any CPU.Build.0 = Release|Any CPU
	EndGlobalSection
	GlobalSection(SolutionProperties) = preSolution
		HideSolutionNode = FALSE
	EndGlobalSection
EndGlobal
